
Microsoft Visual Studio Solution File, Format Version 12.00
# Visual Studio Version 16
VisualStudioVersion = 16.0.32929.386
MinimumVisualStudioVersion = 10.0.40219.1
Project("{FAE04EC0-301F-11D3-BF4B-00C04F79EFBC}") = "货到DEMO", "货到DEMO\货到DEMO.csproj", "{D1743D68-6AAA-4D18-B032-6B7570003D7C}"
EndProject
Global
	GlobalSection(SolutionConfigurationPlatforms) = preSolution
		Debug|Any CPU = Debug|Any CPU
		Release|Any CPU = Release|Any CPU
	EndGlobalSection
	GlobalSection(ProjectConfigurationPlatforms) = postSolution
		{D1743D68-6AAA-4D18-B032-6B7570003D7C}.Debug|Any CPU.ActiveCfg = Debug|Any CPU
		{D1743D68-6AAA-4D18-B032-6B7570003D7C}.Debug|Any CPU.Build.0 = Debug|Any CPU
		{D1743D68-6AAA-4D18-B032-6B7570003D7C}.Release|Any CPU.ActiveCfg = Release|Any CPU
		{D1743D68-6AAA-4D18-B032-6B7570003D7C}.Release|Any CPU.Build.0 = Release|Any CPU
	EndGlobalSection
	GlobalSection(SolutionProperties) = preSolution
		HideSolutionNode = FALSE
	EndGlobalSection
	GlobalSection(ExtensibilityGlobals) = postSolution
		SolutionGuid = {CCD8DD8F-5FF2-4FEE-BCD3-3BCD025A0933}
	EndGlobalSection
EndGlobal
